
Microsoft Visual Studio Solution File, Format Version 12.00
# Visual Studio Version 17
VisualStudioVersion = 17.0.32112.339
MinimumVisualStudioVersion = 10.0.40219.1
Project("{FAE04EC0-301F-11D3-BF4B-00C04F79EFBC}") = "array_Day3", "array_Day3.csproj", "{883CABB4-71D9-4052-9B24-D49932F35EB6}"
EndProject
Global
	GlobalSection(SolutionConfigurationPlatforms) = preSolution
		Debug|Any CPU = Debug|Any CPU
		Release|Any CPU = Release|Any CPU
	EndGlobalSection
	GlobalSection(ProjectConfigurationPlatforms) = postSolution
		{883CABB4-71D9-4052-9B24-D49932F35EB6}.Debug|Any CPU.ActiveCfg = Debug|Any CPU
		{883CABB4-71D9-4052-9B24-D49932F35EB6}.Debug|Any CPU.Build.0 = Debug|Any CPU
		{883CABB4-71D9-4052-9B24-D49932F35EB6}.Release|Any CPU.ActiveCfg = Release|Any CPU
		{883CABB4-71D9-4052-9B24-D49932F35EB6}.Release|Any CPU.Build.0 = Release|Any CPU
	EndGlobalSection
	GlobalSection(SolutionProperties) = preSolution
		HideSolutionNode = FALSE
	EndGlobalSection
	GlobalSection(ExtensibilityGlobals) = postSolution
		SolutionGuid = {8B01EF24-0D2B-4EE0-B794-0733D7C2B2C0}
	EndGlobalSection
EndGlobal
