
Microsoft Visual Studio Solution File, Format Version 12.00
# Visual Studio Version 17
VisualStudioVersion = 17.0.32112.339
MinimumVisualStudioVersion = 10.0.40219.1
Project("{FAE04EC0-301F-11D3-BF4B-00C04F79EFBC}") = "Day_7_Project_5", "Day_7_Project_5.csproj", "{8096B3B3-CE49-4475-8006-9499AFC69D56}"
EndProject
Global
	GlobalSection(SolutionConfigurationPlatforms) = preSolution
		Debug|Any CPU = Debug|Any CPU
		Release|Any CPU = Release|Any CPU
	EndGlobalSection
	GlobalSection(ProjectConfigurationPlatforms) = postSolution
		{8096B3B3-CE49-4475-8006-9499AFC69D56}.Debug|Any CPU.ActiveCfg = Debug|Any CPU
		{8096B3B3-CE49-4475-8006-9499AFC69D56}.Debug|Any CPU.Build.0 = Debug|Any CPU
		{8096B3B3-CE49-4475-8006-9499AFC69D56}.Release|Any CPU.ActiveCfg = Release|Any CPU
		{8096B3B3-CE49-4475-8006-9499AFC69D56}.Release|Any CPU.Build.0 = Release|Any CPU
	EndGlobalSection
	GlobalSection(SolutionProperties) = preSolution
		HideSolutionNode = FALSE
	EndGlobalSection
	GlobalSection(ExtensibilityGlobals) = postSolution
		SolutionGuid = {450A5481-B3B5-40C7-B3F4-9A7874972555}
	EndGlobalSection
EndGlobal
