
Microsoft Visual Studio Solution File, Format Version 12.00
# Visual Studio Version 17
VisualStudioVersion = 17.0.32112.339
MinimumVisualStudioVersion = 10.0.40219.1
Project("{FAE04EC0-301F-11D3-BF4B-00C04F79EFBC}") = "Day_1_project_1", "Day_1_project_1.csproj", "{363CDBDD-821F-42C7-A136-4AB47F326D0E}"
EndProject
Global
	GlobalSection(SolutionConfigurationPlatforms) = preSolution
		Debug|Any CPU = Debug|Any CPU
		Release|Any CPU = Release|Any CPU
	EndGlobalSection
	GlobalSection(ProjectConfigurationPlatforms) = postSolution
		{363CDBDD-821F-42C7-A136-4AB47F326D0E}.Debug|Any CPU.ActiveCfg = Debug|Any CPU
		{363CDBDD-821F-42C7-A136-4AB47F326D0E}.Debug|Any CPU.Build.0 = Debug|Any CPU
		{363CDBDD-821F-42C7-A136-4AB47F326D0E}.Release|Any CPU.ActiveCfg = Release|Any CPU
		{363CDBDD-821F-42C7-A136-4AB47F326D0E}.Release|Any CPU.Build.0 = Release|Any CPU
	EndGlobalSection
	GlobalSection(SolutionProperties) = preSolution
		HideSolutionNode = FALSE
	EndGlobalSection
	GlobalSection(ExtensibilityGlobals) = postSolution
		SolutionGuid = {B61ED702-1A9E-47AB-87CC-7DE72E161EC3}
	EndGlobalSection
EndGlobal
