
Microsoft Visual Studio Solution File, Format Version 12.00
# Visual Studio Version 17
VisualStudioVersion = 17.0.32126.317
MinimumVisualStudioVersion = 10.0.40219.1
Project("{FAE04EC0-301F-11D3-BF4B-00C04F79EFBC}") = "Number97", "Number97.csproj", "{48BBF5D3-0732-4F8C-8438-EC29F07E7096}"
EndProject
Global
	GlobalSection(SolutionConfigurationPlatforms) = preSolution
		Debug|Any CPU = Debug|Any CPU
		Release|Any CPU = Release|Any CPU
	EndGlobalSection
	GlobalSection(ProjectConfigurationPlatforms) = postSolution
		{48BBF5D3-0732-4F8C-8438-EC29F07E7096}.Debug|Any CPU.ActiveCfg = Debug|Any CPU
		{48BBF5D3-0732-4F8C-8438-EC29F07E7096}.Debug|Any CPU.Build.0 = Debug|Any CPU
		{48BBF5D3-0732-4F8C-8438-EC29F07E7096}.Release|Any CPU.ActiveCfg = Release|Any CPU
		{48BBF5D3-0732-4F8C-8438-EC29F07E7096}.Release|Any CPU.Build.0 = Release|Any CPU
	EndGlobalSection
	GlobalSection(SolutionProperties) = preSolution
		HideSolutionNode = FALSE
	EndGlobalSection
	GlobalSection(ExtensibilityGlobals) = postSolution
		SolutionGuid = {81B49589-3F05-435D-8156-04F3EA222E3F}
	EndGlobalSection
EndGlobal
